// !$*UTF8*$!
{
	archiveVersion = 1;
	classes = {
	};
	objectVersion = 50;
	objects = {

/* Begin PBXBuildFile section */
		9A4F5FC827E4D0470036E6B1 /* AppDelegate.swift in Sources */ = {isa = PBXBuildFile; fileRef = 9A4F5FC727E4D0470036E6B1 /* AppDelegate.swift */; };
		9A4F5FCA27E4D0480036E6B1 /* SceneDelegate.swift in Sources */ = {isa = PBXBuildFile; fileRef = 9A4F5FC927E4D0480036E6B1 /* SceneDelegate.swift */; };
		9A4F5FCF27E4D0480036E6B1 /* Main.storyboard in Resources */ = {isa = PBXBuildFile; fileRef = 9A4F5FCD27E4D0480036E6B1 /* Main.storyboard */; };
		9A4F5FD127E4D0490036E6B1 /* Assets.xcassets in Resources */ = {isa = PBXBuildFile; fileRef = 9A4F5FD027E4D0490036E6B1 /* Assets.xcassets */; };
		9A4F5FD427E4D0490036E6B1 /* LaunchScreen.storyboard in Resources */ = {isa = PBXBuildFile; fileRef = 9A4F5FD227E4D0490036E6B1 /* LaunchScreen.storyboard */; };
		9A4F5FE827E4D27B0036E6B1 /* Person.swift in Sources */ = {isa = PBXBuildFile; fileRef = 9A4F5FE727E4D27B0036E6B1 /* Person.swift */; };
		9A4F5FEB27E4D3A50036E6B1 /* DataManager.swift in Sources */ = {isa = PBXBuildFile; fileRef = 9A4F5FEA27E4D3A50036E6B1 /* DataManager.swift */; };
		9A4F5FEF27E4E0BE0036E6B1 /* TabBarViewController.swift in Sources */ = {isa = PBXBuildFile; fileRef = 9A4F5FEE27E4E0BE0036E6B1 /* TabBarViewController.swift */; };
		9A4F5FF427E4E27B0036E6B1 /* ContactListViewController.swift in Sources */ = {isa = PBXBuildFile; fileRef = 9A4F5FF327E4E27B0036E6B1 /* ContactListViewController.swift */; };
		9A4F5FF727E4E56E0036E6B1 /* SecondContactListViewController.swift in Sources */ = {isa = PBXBuildFile; fileRef = 9A4F5FF627E4E56E0036E6B1 /* SecondContactListViewController.swift */; };
		9A4F5FFC27E4F1FA0036E6B1 /* DetailsViewController.swift in Sources */ = {isa = PBXBuildFile; fileRef = 9A4F5FFB27E4F1FA0036E6B1 /* DetailsViewController.swift */; };
/* End PBXBuildFile section */

/* Begin PBXFileReference section */
		9A4F5FC427E4D0470036E6B1 /* ContactList.app */ = {isa = PBXFileReference; explicitFileType = wrapper.application; includeInIndex = 0; path = ContactList.app; sourceTree = BUILT_PRODUCTS_DIR; };
		9A4F5FC727E4D0470036E6B1 /* AppDelegate.swift */ = {isa = PBXFileReference; lastKnownFileType = sourcecode.swift; path = AppDelegate.swift; sourceTree = "<group>"; };
		9A4F5FC927E4D0480036E6B1 /* SceneDelegate.swift */ = {isa = PBXFileReference; lastKnownFileType = sourcecode.swift; path = SceneDelegate.swift; sourceTree = "<group>"; };
		9A4F5FCE27E4D0480036E6B1 /* Base */ = {isa = PBXFileReference; lastKnownFileType = file.storyboard; name = Base; path = Base.lproj/Main.storyboard; sourceTree = "<group>"; };
		9A4F5FD027E4D0490036E6B1 /* Assets.xcassets */ = {isa = PBXFileReference; lastKnownFileType = folder.assetcatalog; path = Assets.xcassets; sourceTree = "<group>"; };
		9A4F5FD327E4D0490036E6B1 /* Base */ = {isa = PBXFileReference; lastKnownFileType = file.storyboard; name = Base; path = Base.lproj/LaunchScreen.storyboard; sourceTree = "<group>"; };
		9A4F5FD527E4D0490036E6B1 /* Info.plist */ = {isa = PBXFileReference; lastKnownFileType = text.plist.xml; path = Info.plist; sourceTree = "<group>"; };
		9A4F5FE727E4D27B0036E6B1 /* Person.swift */ = {isa = PBXFileReference; lastKnownFileType = sourcecode.swift; path = Person.swift; sourceTree = "<group>"; };
		9A4F5FEA27E4D3A50036E6B1 /* DataManager.swift */ = {isa = PBXFileReference; lastKnownFileType = sourcecode.swift; path = DataManager.swift; sourceTree = "<group>"; };
		9A4F5FEE27E4E0BE0036E6B1 /* TabBarViewController.swift */ = {isa = PBXFileReference; lastKnownFileType = sourcecode.swift; path = TabBarViewController.swift; sourceTree = "<group>"; };
		9A4F5FF327E4E27B0036E6B1 /* ContactListViewController.swift */ = {isa = PBXFileReference; lastKnownFileType = sourcecode.swift; path = ContactListViewController.swift; sourceTree = "<group>"; };
		9A4F5FF627E4E56E0036E6B1 /* SecondContactListViewController.swift */ = {isa = PBXFileReference; lastKnownFileType = sourcecode.swift; path = SecondContactListViewController.swift; sourceTree = "<group>"; };
		9A4F5FFB27E4F1FA0036E6B1 /* DetailsViewController.swift */ = {isa = PBXFileReference; lastKnownFileType = sourcecode.swift; path = DetailsViewController.swift; sourceTree = "<group>"; };
/* End PBXFileReference section */

/* Begin PBXFrameworksBuildPhase section */
		9A4F5FC127E4D0470036E6B1 /* Frameworks */ = {
			isa = PBXFrameworksBuildPhase;
			buildActionMask = 2147483647;
			files = (
			);
			runOnlyForDeploymentPostprocessing = 0;
		};
/* End PBXFrameworksBuildPhase section */

/* Begin PBXGroup section */
		9A4F5FBB27E4D0470036E6B1 = {
			isa = PBXGroup;
			children = (
				9A4F5FC627E4D0470036E6B1 /* ContactList */,
				9A4F5FC527E4D0470036E6B1 /* Products */,
			);
			sourceTree = "<group>";
		};
		9A4F5FC527E4D0470036E6B1 /* Products */ = {
			isa = PBXGroup;
			children = (
				9A4F5FC427E4D0470036E6B1 /* ContactList.app */,
			);
			name = Products;
			sourceTree = "<group>";
		};
		9A4F5FC627E4D0470036E6B1 /* ContactList */ = {
			isa = PBXGroup;
			children = (
				9A4F5FE127E4D1AA0036E6B1 /* Controllers */,
				9A4F5FE227E4D1BF0036E6B1 /* Model */,
				9A4F5FDE27E4D18B0036E6B1 /* App */,
				9A4F5FDF27E4D1950036E6B1 /* View */,
				9A4F5FE027E4D19D0036E6B1 /* Resources */,
			);
			path = ContactList;
			sourceTree = "<group>";
		};
		9A4F5FDE27E4D18B0036E6B1 /* App */ = {
			isa = PBXGroup;
			children = (
				9A4F5FC727E4D0470036E6B1 /* AppDelegate.swift */,
				9A4F5FC927E4D0480036E6B1 /* SceneDelegate.swift */,
				9A4F5FD527E4D0490036E6B1 /* Info.plist */,
			);
			path = App;
			sourceTree = "<group>";
		};
		9A4F5FDF27E4D1950036E6B1 /* View */ = {
			isa = PBXGroup;
			children = (
				9A4F5FCD27E4D0480036E6B1 /* Main.storyboard */,
				9A4F5FD227E4D0490036E6B1 /* LaunchScreen.storyboard */,
			);
			path = View;
			sourceTree = "<group>";
		};
		9A4F5FE027E4D19D0036E6B1 /* Resources */ = {
			isa = PBXGroup;
			children = (
				9A4F5FD027E4D0490036E6B1 /* Assets.xcassets */,
			);
			path = Resources;
			sourceTree = "<group>";
		};
		9A4F5FE127E4D1AA0036E6B1 /* Controllers */ = {
			isa = PBXGroup;
			children = (
				9A4F5FEE27E4E0BE0036E6B1 /* TabBarViewController.swift */,
				9A4F5FF327E4E27B0036E6B1 /* ContactListViewController.swift */,
				9A4F5FFB27E4F1FA0036E6B1 /* DetailsViewController.swift */,
				9A4F5FF627E4E56E0036E6B1 /* SecondContactListViewController.swift */,
			);
			path = Controllers;
			sourceTree = "<group>";
		};
		9A4F5FE227E4D1BF0036E6B1 /* Model */ = {
			isa = PBXGroup;
			children = (
				9A4F5FE727E4D27B0036E6B1 /* Person.swift */,
				9A4F5FEA27E4D3A50036E6B1 /* DataManager.swift */,
			);
			path = Model;
			sourceTree = "<group>";
		};
/* End PBXGroup section */

/* Begin PBXNativeTarget section */
		9A4F5FC327E4D0470036E6B1 /* ContactList */ = {
			isa = PBXNativeTarget;
			buildConfigurationList = 9A4F5FD827E4D0490036E6B1 /* Build configuration list for PBXNativeTarget "ContactList" */;
			buildPhases = (
				9A4F5FC027E4D0470036E6B1 /* Sources */,
				9A4F5FC127E4D0470036E6B1 /* Frameworks */,
				9A4F5FC227E4D0470036E6B1 /* Resources */,
			);
			buildRules = (
			);
			dependencies = (
			);
			name = ContactList;
			productName = ContactList;
			productReference = 9A4F5FC427E4D0470036E6B1 /* ContactList.app */;
			productType = "com.apple.product-type.application";
		};
/* End PBXNativeTarget section */

/* Begin PBXProject section */
		9A4F5FBC27E4D0470036E6B1 /* Project object */ = {
			isa = PBXProject;
			attributes = {
				LastSwiftUpdateCheck = 1240;
				LastUpgradeCheck = 1240;
				TargetAttributes = {
					9A4F5FC327E4D0470036E6B1 = {
						CreatedOnToolsVersion = 12.4;
					};
				};
			};
			buildConfigurationList = 9A4F5FBF27E4D0470036E6B1 /* Build configuration list for PBXProject "ContactList" */;
			compatibilityVersion = "Xcode 9.3";
			developmentRegion = en;
			hasScannedForEncodings = 0;
			knownRegions = (
				en,
				Base,
			);
			mainGroup = 9A4F5FBB27E4D0470036E6B1;
			productRefGroup = 9A4F5FC527E4D0470036E6B1 /* Products */;
			projectDirPath = "";
			projectRoot = "";
			targets = (
				9A4F5FC327E4D0470036E6B1 /* ContactList */,
			);
		};
/* End PBXProject section */

/* Begin PBXResourcesBuildPhase section */
		9A4F5FC227E4D0470036E6B1 /* Resources */ = {
			isa = PBXResourcesBuildPhase;
			buildActionMask = 2147483647;
			files = (
				9A4F5FD427E4D0490036E6B1 /* LaunchScreen.storyboard in Resources */,
				9A4F5FD127E4D0490036E6B1 /* Assets.xcassets in Resources */,
				9A4F5FCF27E4D0480036E6B1 /* Main.storyboard in Resources */,
			);
			runOnlyForDeploymentPostprocessing = 0;
		};
/* End PBXResourcesBuildPhase section */

/* Begin PBXSourcesBuildPhase section */
		9A4F5FC027E4D0470036E6B1 /* Sources */ = {
			isa = PBXSourcesBuildPhase;
			buildActionMask = 2147483647;
			files = (
				9A4F5FE827E4D27B0036E6B1 /* Person.swift in Sources */,
				9A4F5FEB27E4D3A50036E6B1 /* DataManager.swift in Sources */,
				9A4F5FC827E4D0470036E6B1 /* AppDelegate.swift in Sources */,
				9A4F5FFC27E4F1FA0036E6B1 /* DetailsViewController.swift in Sources */,
				9A4F5FEF27E4E0BE0036E6B1 /* TabBarViewController.swift in Sources */,
				9A4F5FCA27E4D0480036E6B1 /* SceneDelegate.swift in Sources */,
				9A4F5FF727E4E56E0036E6B1 /* SecondContactListViewController.swift in Sources */,
				9A4F5FF427E4E27B0036E6B1 /* ContactListViewController.swift in Sources */,
			);
			runOnlyForDeploymentPostprocessing = 0;
		};
/* End PBXSourcesBuildPhase section */

/* Begin PBXVariantGroup section */
		9A4F5FCD27E4D0480036E6B1 /* Main.storyboard */ = {
			isa = PBXVariantGroup;
			children = (
				9A4F5FCE27E4D0480036E6B1 /* Base */,
			);
			name = Main.storyboard;
			sourceTree = "<group>";
		};
		9A4F5FD227E4D0490036E6B1 /* LaunchScreen.storyboard */ = {
			isa = PBXVariantGroup;
			children = (
				9A4F5FD327E4D0490036E6B1 /* Base */,
			);
			name = LaunchScreen.storyboard;
			sourceTree = "<group>";
		};
/* End PBXVariantGroup section */

/* Begin XCBuildConfiguration section */
		9A4F5FD627E4D0490036E6B1 /* Debug */ = {
			isa = XCBuildConfiguration;
			buildSettings = {
				ALWAYS_SEARCH_USER_PATHS = NO;
				CLANG_ANALYZER_NONNULL = YES;
				CLANG_ANALYZER_NUMBER_OBJECT_CONVERSION = YES_AGGRESSIVE;
				CLANG_CXX_LANGUAGE_STANDARD = "gnu++14";
				CLANG_CXX_LIBRARY = "libc++";
				CLANG_ENABLE_MODULES = YES;
				CLANG_ENABLE_OBJC_ARC = YES;
				CLANG_ENABLE_OBJC_WEAK = YES;
				CLANG_WARN_BLOCK_CAPTURE_AUTORELEASING = YES;
				CLANG_WARN_BOOL_CONVERSION = YES;
				CLANG_WARN_COMMA = YES;
				CLANG_WARN_CONSTANT_CONVERSION = YES;
				CLANG_WARN_DEPRECATED_OBJC_IMPLEMENTATIONS = YES;
				CLANG_WARN_DIRECT_OBJC_ISA_USAGE = YES_ERROR;
				CLANG_WARN_DOCUMENTATION_COMMENTS = YES;
				CLANG_WARN_EMPTY_BODY = YES;
				CLANG_WARN_ENUM_CONVERSION = YES;
				CLANG_WARN_INFINITE_RECURSION = YES;
				CLANG_WARN_INT_CONVERSION = YES;
				CLANG_WARN_NON_LITERAL_NULL_CONVERSION = YES;
				CLANG_WARN_OBJC_IMPLICIT_RETAIN_SELF = YES;
				CLANG_WARN_OBJC_LITERAL_CONVERSION = YES;
				CLANG_WARN_OBJC_ROOT_CLASS = YES_ERROR;
				CLANG_WARN_QUOTED_INCLUDE_IN_FRAMEWORK_HEADER = YES;
				CLANG_WARN_RANGE_LOOP_ANALYSIS = YES;
				CLANG_WARN_STRICT_PROTOTYPES = YES;
				CLANG_WARN_SUSPICIOUS_MOVE = YES;
				CLANG_WARN_UNGUARDED_AVAILABILITY = YES_AGGRESSIVE;
				CLANG_WARN_UNREACHABLE_CODE = YES;
				CLANG_WARN__DUPLICATE_METHOD_MATCH = YES;
				COPY_PHASE_STRIP = NO;
				DEBUG_INFORMATION_FORMAT = dwarf;
				ENABLE_STRICT_OBJC_MSGSEND = YES;
				ENABLE_TESTABILITY = YES;
				GCC_C_LANGUAGE_STANDARD = gnu11;
				GCC_DYNAMIC_NO_PIC = NO;
				GCC_NO_COMMON_BLOCKS = YES;
				GCC_OPTIMIZATION_LEVEL = 0;
				GCC_PREPROCESSOR_DEFINITIONS = (
					"DEBUG=1",
					"$(inherited)",
				);
				GCC_WARN_64_TO_32_BIT_CONVERSION = YES;
				GCC_WARN_ABOUT_RETURN_TYPE = YES_ERROR;
				GCC_WARN_UNDECLARED_SELECTOR = YES;
				GCC_WARN_UNINITIALIZED_AUTOS = YES_AGGRESSIVE;
				GCC_WARN_UNUSED_FUNCTION = YES;
				GCC_WARN_UNUSED_VARIABLE = YES;
				IPHONEOS_DEPLOYMENT_TARGET = 14.4;
				MTL_ENABLE_DEBUG_INFO = INCLUDE_SOURCE;
				MTL_FAST_MATH = YES;
				ONLY_ACTIVE_ARCH = YES;
				SDKROOT = iphoneos;
				SWIFT_ACTIVE_COMPILATION_CONDITIONS = DEBUG;
				SWIFT_OPTIMIZATION_LEVEL = "-Onone";
			};
			name = Debug;
		};
		9A4F5FD727E4D0490036E6B1 /* Release */ = {
			isa = XCBuildConfiguration;
			buildSettings = {
				ALWAYS_SEARCH_USER_PATHS = NO;
				CLANG_ANALYZER_NONNULL = YES;
				CLANG_ANALYZER_NUMBER_OBJECT_CONVERSION = YES_AGGRESSIVE;
				CLANG_CXX_LANGUAGE_STANDARD = "gnu++14";
				CLANG_CXX_LIBRARY = "libc++";
				CLANG_ENABLE_MODULES = YES;
				CLANG_ENABLE_OBJC_ARC = YES;
				CLANG_ENABLE_OBJC_WEAK = YES;
				CLANG_WARN_BLOCK_CAPTURE_AUTORELEASING = YES;
				CLANG_WARN_BOOL_CONVERSION = YES;
				CLANG_WARN_COMMA = YES;
				CLANG_WARN_CONSTANT_CONVERSION = YES;
				CLANG_WARN_DEPRECATED_OBJC_IMPLEMENTATIONS = YES;
				CLANG_WARN_DIRECT_OBJC_ISA_USAGE = YES_ERROR;
				CLANG_WARN_DOCUMENTATION_COMMENTS = YES;
				CLANG_WARN_EMPTY_BODY = YES;
				CLANG_WARN_ENUM_CONVERSION = YES;
				CLANG_WARN_INFINITE_RECURSION = YES;
				CLANG_WARN_INT_CONVERSION = YES;
				CLANG_WARN_NON_LITERAL_NULL_CONVERSION = YES;
				CLANG_WARN_OBJC_IMPLICIT_RETAIN_SELF = YES;
				CLANG_WARN_OBJC_LITERAL_CONVERSION = YES;
				CLANG_WARN_OBJC_ROOT_CLASS = YES_ERROR;
				CLANG_WARN_QUOTED_INCLUDE_IN_FRAMEWORK_HEADER = YES;
				CLANG_WARN_RANGE_LOOP_ANALYSIS = YES;
				CLANG_WARN_STRICT_PROTOTYPES = YES;
				CLANG_WARN_SUSPICIOUS_MOVE = YES;
				CLANG_WARN_UNGUARDED_AVAILABILITY = YES_AGGRESSIVE;
				CLANG_WARN_UNREACHABLE_CODE = YES;
				CLANG_WARN__DUPLICATE_METHOD_MATCH = YES;
				COPY_PHASE_STRIP = NO;
				DEBUG_INFORMATION_FORMAT = "dwarf-with-dsym";
				ENABLE_NS_ASSERTIONS = NO;
				ENABLE_STRICT_OBJC_MSGSEND = YES;
				GCC_C_LANGUAGE_STANDARD = gnu11;
				GCC_NO_COMMON_BLOCKS = YES;
				GCC_WARN_64_TO_32_BIT_CONVERSION = YES;
				GCC_WARN_ABOUT_RETURN_TYPE = YES_ERROR;
				GCC_WARN_UNDECLARED_SELECTOR = YES;
				GCC_WARN_UNINITIALIZED_AUTOS = YES_AGGRESSIVE;
				GCC_WARN_UNUSED_FUNCTION = YES;
				GCC_WARN_UNUSED_VARIABLE = YES;
				IPHONEOS_DEPLOYMENT_TARGET = 14.4;
				MTL_ENABLE_DEBUG_INFO = NO;
				MTL_FAST_MATH = YES;
				SDKROOT = iphoneos;
				SWIFT_COMPILATION_MODE = wholemodule;
				SWIFT_OPTIMIZATION_LEVEL = "-O";
				VALIDATE_PRODUCT = YES;
			};
			name = Release;
		};
		9A4F5FD927E4D0490036E6B1 /* Debug */ = {
			isa = XCBuildConfiguration;
			buildSettings = {
				ASSETCATALOG_COMPILER_APPICON_NAME = AppIcon;
				ASSETCATALOG_COMPILER_GLOBAL_ACCENT_COLOR_NAME = AccentColor;
				CODE_SIGN_STYLE = Automatic;
				DEVELOPMENT_TEAM = 4MMKWZWX48;
				INFOPLIST_FILE = ContactList/App/Info.plist;
				IPHONEOS_DEPLOYMENT_TARGET = 14.1;
				LD_RUNPATH_SEARCH_PATHS = (
					"$(inherited)",
					"@executable_path/Frameworks",
				);
				PRODUCT_BUNDLE_IDENTIFIER = com.sayabeck.ContactList;
				PRODUCT_NAME = "$(TARGET_NAME)";
				SWIFT_VERSION = 5.0;
				TARGETED_DEVICE_FAMILY = 1;
			};
			name = Debug;
		};
		9A4F5FDA27E4D0490036E6B1 /* Release */ = {
			isa = XCBuildConfiguration;
			buildSettings = {
				ASSETCATALOG_COMPILER_APPICON_NAME = AppIcon;
				ASSETCATALOG_COMPILER_GLOBAL_ACCENT_COLOR_NAME = AccentColor;
				CODE_SIGN_STYLE = Automatic;
				DEVELOPMENT_TEAM = 4MMKWZWX48;
				INFOPLIST_FILE = ContactList/App/Info.plist;
				IPHONEOS_DEPLOYMENT_TARGET = 14.1;
				LD_RUNPATH_SEARCH_PATHS = (
					"$(inherited)",
					"@executable_path/Frameworks",
				);
				PRODUCT_BUNDLE_IDENTIFIER = com.sayabeck.ContactList;
				PRODUCT_NAME = "$(TARGET_NAME)";
				SWIFT_VERSION = 5.0;
				TARGETED_DEVICE_FAMILY = 1;
			};
			name = Release;
		};
/* End XCBuildConfiguration section */

/* Begin XCConfigurationList section */
		9A4F5FBF27E4D0470036E6B1 /* Build configuration list for PBXProject "ContactList" */ = {
			isa = XCConfigurationList;
			buildConfigurations = (
				9A4F5FD627E4D0490036E6B1 /* Debug */,
				9A4F5FD727E4D0490036E6B1 /* Release */,
			);
			defaultConfigurationIsVisible = 0;
			defaultConfigurationName = Release;
		};
		9A4F5FD827E4D0490036E6B1 /* Build configuration list for PBXNativeTarget "ContactList" */ = {
			isa = XCConfigurationList;
			buildConfigurations = (
				9A4F5FD927E4D0490036E6B1 /* Debug */,
				9A4F5FDA27E4D0490036E6B1 /* Release */,
			);
			defaultConfigurationIsVisible = 0;
			defaultConfigurationName = Release;
		};
/* End XCConfigurationList section */
	};
	rootObject = 9A4F5FBC27E4D0470036E6B1 /* Project object */;
}
